// !$*UTF8*$!
{
	archiveVersion = 1;
	classes = {
	};
	objectVersion = 46;
	objects = {

/* Begin PBXBuildFile section */
		1B0E39AE1C0B98950017143E /* GroceryCheckListViewController.swift in Sources */ = {isa = PBXBuildFile; fileRef = 1B0E39AD1C0B98950017143E /* GroceryCheckListViewController.swift */; };
		1B0E39B21C0BA6620017143E /* CheckListItem.swift in Sources */ = {isa = PBXBuildFile; fileRef = 1B0E39B11C0BA6620017143E /* CheckListItem.swift */; };
		1B0E39B41C0BAA580017143E /* CheckListTableViewCell.swift in Sources */ = {isa = PBXBuildFile; fileRef = 1B0E39B31C0BAA580017143E /* CheckListTableViewCell.swift */; };
		1B30873D1C1FE1C200AC3011 /* GroceryStore.plist in Resources */ = {isa = PBXBuildFile; fileRef = 1B30873C1C1FE1C200AC3011 /* GroceryStore.plist */; };
		1B56E7461C1C694100904F1F /* GroceryStoreViewController.swift in Sources */ = {isa = PBXBuildFile; fileRef = 1B56E7451C1C694100904F1F /* GroceryStoreViewController.swift */; };
		1B8FE4211C23A834006E88F7 /* ReadMe in Resources */ = {isa = PBXBuildFile; fileRef = 1B8FE4201C23A834006E88F7 /* ReadMe */; };
		1B97D7651C0E4E4200441629 /* GroceryItemsViewController.swift in Sources */ = {isa = PBXBuildFile; fileRef = 1B97D7641C0E4E4200441629 /* GroceryItemsViewController.swift */; };
		1B97D7671C10892E00441629 /* GroceryList.plist in Resources */ = {isa = PBXBuildFile; fileRef = 1B97D7661C10892E00441629 /* GroceryList.plist */; };
		1B97D7691C17713400441629 /* DataHelper.swift in Sources */ = {isa = PBXBuildFile; fileRef = 1B97D7681C17713400441629 /* DataHelper.swift */; };
		1B97D7711C19022D00441629 /* FoodDayPlannerViewController.swift in Sources */ = {isa = PBXBuildFile; fileRef = 1B97D7701C19022D00441629 /* FoodDayPlannerViewController.swift */; };
		1B97D7731C19E87600441629 /* FoodWeekTableViewController.swift in Sources */ = {isa = PBXBuildFile; fileRef = 1B97D7721C19E87600441629 /* FoodWeekTableViewController.swift */; };
		1BAE917C1C0633EA000A7C38 /* AppDelegate.swift in Sources */ = {isa = PBXBuildFile; fileRef = 1BAE917B1C0633EA000A7C38 /* AppDelegate.swift */; };
		1BAE917E1C0633EA000A7C38 /* HomeViewController.swift in Sources */ = {isa = PBXBuildFile; fileRef = 1BAE917D1C0633EA000A7C38 /* HomeViewController.swift */; };
		1BAE91811C0633EA000A7C38 /* Main.storyboard in Resources */ = {isa = PBXBuildFile; fileRef = 1BAE917F1C0633EA000A7C38 /* Main.storyboard */; };
		1BAE91831C0633EA000A7C38 /* Assets.xcassets in Resources */ = {isa = PBXBuildFile; fileRef = 1BAE91821C0633EA000A7C38 /* Assets.xcassets */; };
		1BAE91861C0633EA000A7C38 /* LaunchScreen.storyboard in Resources */ = {isa = PBXBuildFile; fileRef = 1BAE91841C0633EA000A7C38 /* LaunchScreen.storyboard */; };
		1BAE91911C0633EA000A7C38 /* Kitchen_ManagerTests.swift in Sources */ = {isa = PBXBuildFile; fileRef = 1BAE91901C0633EA000A7C38 /* Kitchen_ManagerTests.swift */; };
		1BAE919C1C0633EA000A7C38 /* Kitchen_ManagerUITests.swift in Sources */ = {isa = PBXBuildFile; fileRef = 1BAE919B1C0633EA000A7C38 /* Kitchen_ManagerUITests.swift */; };
		1BAE91AB1C063477000A7C38 /* Bolts.framework in Frameworks */ = {isa = PBXBuildFile; fileRef = 1BAE91A91C063477000A7C38 /* Bolts.framework */; };
		1BAE91AC1C063477000A7C38 /* Parse.framework in Frameworks */ = {isa = PBXBuildFile; fileRef = 1BAE91AA1C063477000A7C38 /* Parse.framework */; };
		1BAE91AF1C06351F000A7C38 /* AudioToolbox.framework in Frameworks */ = {isa = PBXBuildFile; fileRef = 1BAE91AE1C06351F000A7C38 /* AudioToolbox.framework */; };
		1BAE91B11C06352A000A7C38 /* CFNetwork.framework in Frameworks */ = {isa = PBXBuildFile; fileRef = 1BAE91B01C06352A000A7C38 /* CFNetwork.framework */; };
		1BAE91B31C063537000A7C38 /* CoreGraphics.framework in Frameworks */ = {isa = PBXBuildFile; fileRef = 1BAE91B21C063537000A7C38 /* CoreGraphics.framework */; };
		1BAE91B71C06355B000A7C38 /* CoreLocation.framework in Frameworks */ = {isa = PBXBuildFile; fileRef = 1BAE91B41C06355B000A7C38 /* CoreLocation.framework */; };
		1BAE91BB1C06356D000A7C38 /* QuartzCore.framework in Frameworks */ = {isa = PBXBuildFile; fileRef = 1BAE91BA1C06356D000A7C38 /* QuartzCore.framework */; };
		1BAE91BD1C06357B000A7C38 /* Security.framework in Frameworks */ = {isa = PBXBuildFile; fileRef = 1BAE91BC1C06357B000A7C38 /* Security.framework */; };
		1BAE91BF1C063585000A7C38 /* StoreKit.framework in Frameworks */ = {isa = PBXBuildFile; fileRef = 1BAE91BE1C063585000A7C38 /* StoreKit.framework */; };
		1BAE91C11C063593000A7C38 /* SystemConfiguration.framework in Frameworks */ = {isa = PBXBuildFile; fileRef = 1BAE91C01C063593000A7C38 /* SystemConfiguration.framework */; };
		1BAE91C31C06359E000A7C38 /* libz.tbd in Frameworks */ = {isa = PBXBuildFile; fileRef = 1BAE91C21C06359E000A7C38 /* libz.tbd */; };
		1BAE91C51C0635AA000A7C38 /* libsqlite3.tbd in Frameworks */ = {isa = PBXBuildFile; fileRef = 1BAE91C41C0635AA000A7C38 /* libsqlite3.tbd */; };
		1BAE91E71C064065000A7C38 /* LoginViewController.swift in Sources */ = {isa = PBXBuildFile; fileRef = 1BAE91E61C064065000A7C38 /* LoginViewController.swift */; };
		1BAE91E91C06657F000A7C38 /* SignupViewController.swift in Sources */ = {isa = PBXBuildFile; fileRef = 1BAE91E81C06657F000A7C38 /* SignupViewController.swift */; };
		1BEB9B6B1C1A323500433AD5 /* FoodPlannerViewController.swift in Sources */ = {isa = PBXBuildFile; fileRef = 1BEB9B6A1C1A323500433AD5 /* FoodPlannerViewController.swift */; };
		1BECD68A1C22FB8600D757A1 /* PasswordResetViewController.swift in Sources */ = {isa = PBXBuildFile; fileRef = 1BECD6891C22FB8600D757A1 /* PasswordResetViewController.swift */; };
/* End PBXBuildFile section */

/* Begin PBXContainerItemProxy section */
		1BAE918D1C0633EA000A7C38 /* PBXContainerItemProxy */ = {
			isa = PBXContainerItemProxy;
			containerPortal = 1BAE91701C0633EA000A7C38 /* Project object */;
			proxyType = 1;
			remoteGlobalIDString = 1BAE91771C0633EA000A7C38;
			remoteInfo = "Kitchen Manager";
		};
		1BAE91981C0633EA000A7C38 /* PBXContainerItemProxy */ = {
			isa = PBXContainerItemProxy;
			containerPortal = 1BAE91701C0633EA000A7C38 /* Project object */;
			proxyType = 1;
			remoteGlobalIDString = 1BAE91771C0633EA000A7C38;
			remoteInfo = "Kitchen Manager";
		};
/* End PBXContainerItemProxy section */

/* Begin PBXFileReference section */
		1B0E39AD1C0B98950017143E /* GroceryCheckListViewController.swift */ = {isa = PBXFileReference; fileEncoding = 4; lastKnownFileType = sourcecode.swift; path = GroceryCheckListViewController.swift; sourceTree = "<group>"; };
		1B0E39B11C0BA6620017143E /* CheckListItem.swift */ = {isa = PBXFileReference; fileEncoding = 4; lastKnownFileType = sourcecode.swift; path = CheckListItem.swift; sourceTree = "<group>"; };
		1B0E39B31C0BAA580017143E /* CheckListTableViewCell.swift */ = {isa = PBXFileReference; fileEncoding = 4; lastKnownFileType = sourcecode.swift; path = CheckListTableViewCell.swift; sourceTree = "<group>"; };
		1B30873C1C1FE1C200AC3011 /* GroceryStore.plist */ = {isa = PBXFileReference; fileEncoding = 4; lastKnownFileType = text.plist.xml; path = GroceryStore.plist; sourceTree = "<group>"; };
		1B56E7451C1C694100904F1F /* GroceryStoreViewController.swift */ = {isa = PBXFileReference; fileEncoding = 4; lastKnownFileType = sourcecode.swift; path = GroceryStoreViewController.swift; sourceTree = "<group>"; };
		1B8FE4201C23A834006E88F7 /* ReadMe */ = {isa = PBXFileReference; fileEncoding = 4; lastKnownFileType = text; path = ReadMe; sourceTree = "<group>"; };
		1B97D7641C0E4E4200441629 /* GroceryItemsViewController.swift */ = {isa = PBXFileReference; fileEncoding = 4; lastKnownFileType = sourcecode.swift; path = GroceryItemsViewController.swift; sourceTree = "<group>"; };
		1B97D7661C10892E00441629 /* GroceryList.plist */ = {isa = PBXFileReference; fileEncoding = 4; lastKnownFileType = text.plist.xml; path = GroceryList.plist; sourceTree = "<group>"; };
		1B97D7681C17713400441629 /* DataHelper.swift */ = {isa = PBXFileReference; fileEncoding = 4; lastKnownFileType = sourcecode.swift; path = DataHelper.swift; sourceTree = "<group>"; };
		1B97D7701C19022D00441629 /* FoodDayPlannerViewController.swift */ = {isa = PBXFileReference; fileEncoding = 4; lastKnownFileType = sourcecode.swift; path = FoodDayPlannerViewController.swift; sourceTree = "<group>"; };
		1B97D7721C19E87600441629 /* FoodWeekTableViewController.swift */ = {isa = PBXFileReference; fileEncoding = 4; lastKnownFileType = sourcecode.swift; path = FoodWeekTableViewController.swift; sourceTree = "<group>"; };
		1BAE91781C0633EA000A7C38 /* Kitchen Manager.app */ = {isa = PBXFileReference; explicitFileType = wrapper.application; includeInIndex = 0; path = "Kitchen Manager.app"; sourceTree = BUILT_PRODUCTS_DIR; };
		1BAE917B1C0633EA000A7C38 /* AppDelegate.swift */ = {isa = PBXFileReference; lastKnownFileType = sourcecode.swift; path = AppDelegate.swift; sourceTree = "<group>"; };
		1BAE917D1C0633EA000A7C38 /* HomeViewController.swift */ = {isa = PBXFileReference; lastKnownFileType = sourcecode.swift; path = HomeViewController.swift; sourceTree = "<group>"; };
		1BAE91801C0633EA000A7C38 /* Base */ = {isa = PBXFileReference; lastKnownFileType = file.storyboard; name = Base; path = Base.lproj/Main.storyboard; sourceTree = "<group>"; };
		1BAE91821C0633EA000A7C38 /* Assets.xcassets */ = {isa = PBXFileReference; lastKnownFileType = folder.assetcatalog; path = Assets.xcassets; sourceTree = "<group>"; };
		1BAE91851C0633EA000A7C38 /* Base */ = {isa = PBXFileReference; lastKnownFileType = file.storyboard; name = Base; path = Base.lproj/LaunchScreen.storyboard; sourceTree = "<group>"; };
		1BAE91871C0633EA000A7C38 /* Info.plist */ = {isa = PBXFileReference; lastKnownFileType = text.plist.xml; path = Info.plist; sourceTree = "<group>"; };
		1BAE918C1C0633EA000A7C38 /* Kitchen ManagerTests.xctest */ = {isa = PBXFileReference; explicitFileType = wrapper.cfbundle; includeInIndex = 0; path = "Kitchen ManagerTests.xctest"; sourceTree = BUILT_PRODUCTS_DIR; };
		1BAE91901C0633EA000A7C38 /* Kitchen_ManagerTests.swift */ = {isa = PBXFileReference; lastKnownFileType = sourcecode.swift; path = Kitchen_ManagerTests.swift; sourceTree = "<group>"; };
		1BAE91921C0633EA000A7C38 /* Info.plist */ = {isa = PBXFileReference; lastKnownFileType = text.plist.xml; path = Info.plist; sourceTree = "<group>"; };
		1BAE91971C0633EA000A7C38 /* Kitchen ManagerUITests.xctest */ = {isa = PBXFileReference; explicitFileType = wrapper.cfbundle; includeInIndex = 0; path = "Kitchen ManagerUITests.xctest"; sourceTree = BUILT_PRODUCTS_DIR; };
		1BAE919B1C0633EA000A7C38 /* Kitchen_ManagerUITests.swift */ = {isa = PBXFileReference; lastKnownFileType = sourcecode.swift; path = Kitchen_ManagerUITests.swift; sourceTree = "<group>"; };
		1BAE919D1C0633EA000A7C38 /* Info.plist */ = {isa = PBXFileReference; lastKnownFileType = text.plist.xml; path = Info.plist; sourceTree = "<group>"; };
		1BAE91A91C063477000A7C38 /* Bolts.framework */ = {isa = PBXFileReference; lastKnownFileType = wrapper.framework; path = Bolts.framework; sourceTree = "<group>"; };
		1BAE91AA1C063477000A7C38 /* Parse.framework */ = {isa = PBXFileReference; lastKnownFileType = wrapper.framework; path = Parse.framework; sourceTree = "<group>"; };
		1BAE91AE1C06351F000A7C38 /* AudioToolbox.framework */ = {isa = PBXFileReference; lastKnownFileType = wrapper.framework; name = AudioToolbox.framework; path = System/Library/Frameworks/AudioToolbox.framework; sourceTree = SDKROOT; };
		1BAE91B01C06352A000A7C38 /* CFNetwork.framework */ = {isa = PBXFileReference; lastKnownFileType = wrapper.framework; name = CFNetwork.framework; path = System/Library/Frameworks/CFNetwork.framework; sourceTree = SDKROOT; };
		1BAE91B21C063537000A7C38 /* CoreGraphics.framework */ = {isa = PBXFileReference; lastKnownFileType = wrapper.framework; name = CoreGraphics.framework; path = System/Library/Frameworks/CoreGraphics.framework; sourceTree = SDKROOT; };
		1BAE91B41C06355B000A7C38 /* CoreLocation.framework */ = {isa = PBXFileReference; lastKnownFileType = wrapper.framework; name = CoreLocation.framework; path = System/Library/Frameworks/CoreLocation.framework; sourceTree = SDKROOT; };
		1BAE91BA1C06356D000A7C38 /* QuartzCore.framework */ = {isa = PBXFileReference; lastKnownFileType = wrapper.framework; name = QuartzCore.framework; path = System/Library/Frameworks/QuartzCore.framework; sourceTree = SDKROOT; };
		1BAE91BC1C06357B000A7C38 /* Security.framework */ = {isa = PBXFileReference; lastKnownFileType = wrapper.framework; name = Security.framework; path = System/Library/Frameworks/Security.framework; sourceTree = SDKROOT; };
		1BAE91BE1C063585000A7C38 /* StoreKit.framework */ = {isa = PBXFileReference; lastKnownFileType = wrapper.framework; name = StoreKit.framework; path = System/Library/Frameworks/StoreKit.framework; sourceTree = SDKROOT; };
		1BAE91C01C063593000A7C38 /* SystemConfiguration.framework */ = {isa = PBXFileReference; lastKnownFileType = wrapper.framework; name = SystemConfiguration.framework; path = System/Library/Frameworks/SystemConfiguration.framework; sourceTree = SDKROOT; };
		1BAE91C21C06359E000A7C38 /* libz.tbd */ = {isa = PBXFileReference; lastKnownFileType = "sourcecode.text-based-dylib-definition"; name = libz.tbd; path = usr/lib/libz.tbd; sourceTree = SDKROOT; };
		1BAE91C41C0635AA000A7C38 /* libsqlite3.tbd */ = {isa = PBXFileReference; lastKnownFileType = "sourcecode.text-based-dylib-definition"; name = libsqlite3.tbd; path = usr/lib/libsqlite3.tbd; sourceTree = SDKROOT; };
		1BAE91E61C064065000A7C38 /* LoginViewController.swift */ = {isa = PBXFileReference; fileEncoding = 4; lastKnownFileType = sourcecode.swift; path = LoginViewController.swift; sourceTree = "<group>"; };
		1BAE91E81C06657F000A7C38 /* SignupViewController.swift */ = {isa = PBXFileReference; fileEncoding = 4; lastKnownFileType = sourcecode.swift; path = SignupViewController.swift; sourceTree = "<group>"; };
		1BEB9B6A1C1A323500433AD5 /* FoodPlannerViewController.swift */ = {isa = PBXFileReference; fileEncoding = 4; lastKnownFileType = sourcecode.swift; path = FoodPlannerViewController.swift; sourceTree = "<group>"; };
		1BECD6891C22FB8600D757A1 /* PasswordResetViewController.swift */ = {isa = PBXFileReference; fileEncoding = 4; lastKnownFileType = sourcecode.swift; path = PasswordResetViewController.swift; sourceTree = "<group>"; };
/* End PBXFileReference section */

/* Begin PBXFrameworksBuildPhase section */
		1BAE91751C0633EA000A7C38 /* Frameworks */ = {
			isa = PBXFrameworksBuildPhase;
			buildActionMask = 2147483647;
			files = (
				1BAE91C51C0635AA000A7C38 /* libsqlite3.tbd in Frameworks */,
				1BAE91C31C06359E000A7C38 /* libz.tbd in Frameworks */,
				1BAE91C11C063593000A7C38 /* SystemConfiguration.framework in Frameworks */,
				1BAE91BF1C063585000A7C38 /* StoreKit.framework in Frameworks */,
				1BAE91BD1C06357B000A7C38 /* Security.framework in Frameworks */,
				1BAE91BB1C06356D000A7C38 /* QuartzCore.framework in Frameworks */,
				1BAE91B71C06355B000A7C38 /* CoreLocation.framework in Frameworks */,
				1BAE91B31C063537000A7C38 /* CoreGraphics.framework in Frameworks */,
				1BAE91B11C06352A000A7C38 /* CFNetwork.framework in Frameworks */,
				1BAE91AF1C06351F000A7C38 /* AudioToolbox.framework in Frameworks */,
				1BAE91AC1C063477000A7C38 /* Parse.framework in Frameworks */,
				1BAE91AB1C063477000A7C38 /* Bolts.framework in Frameworks */,
			);
			runOnlyForDeploymentPostprocessing = 0;
		};
		1BAE91891C0633EA000A7C38 /* Frameworks */ = {
			isa = PBXFrameworksBuildPhase;
			buildActionMask = 2147483647;
			files = (
			);
			runOnlyForDeploymentPostprocessing = 0;
		};
		1BAE91941C0633EA000A7C38 /* Frameworks */ = {
			isa = PBXFrameworksBuildPhase;
			buildActionMask = 2147483647;
			files = (
			);
			runOnlyForDeploymentPostprocessing = 0;
		};
/* End PBXFrameworksBuildPhase section */

/* Begin PBXGroup section */
		1B8FE4231C23BF06006E88F7 /* GroceryManager */ = {
			isa = PBXGroup;
			children = (
				1B56E7451C1C694100904F1F /* GroceryStoreViewController.swift */,
				1B0E39AD1C0B98950017143E /* GroceryCheckListViewController.swift */,
				1B97D7641C0E4E4200441629 /* GroceryItemsViewController.swift */,
				1B0E39B31C0BAA580017143E /* CheckListTableViewCell.swift */,
				1B0E39B11C0BA6620017143E /* CheckListItem.swift */,
				1B97D7661C10892E00441629 /* GroceryList.plist */,
				1B30873C1C1FE1C200AC3011 /* GroceryStore.plist */,
			);
			name = GroceryManager;
			sourceTree = "<group>";
		};
		1B8FE4241C23BF2F006E88F7 /* ParseSignUp */ = {
			isa = PBXGroup;
			children = (
				1BAE91E61C064065000A7C38 /* LoginViewController.swift */,
				1BECD6891C22FB8600D757A1 /* PasswordResetViewController.swift */,
				1BAE91E81C06657F000A7C38 /* SignupViewController.swift */,
			);
			name = ParseSignUp;
			sourceTree = "<group>";
		};
		1B8FE4251C23BF58006E88F7 /* FoodPlanner */ = {
			isa = PBXGroup;
			children = (
				1B97D7701C19022D00441629 /* FoodDayPlannerViewController.swift */,
				1BEB9B6A1C1A323500433AD5 /* FoodPlannerViewController.swift */,
				1B97D7721C19E87600441629 /* FoodWeekTableViewController.swift */,
			);
			name = FoodPlanner;
			sourceTree = "<group>";
		};
		1BAE916F1C0633EA000A7C38 = {
			isa = PBXGroup;
			children = (
				1B8FE4201C23A834006E88F7 /* ReadMe */,
				1BAE91AD1C0634B5000A7C38 /* FrameWorks */,
				1BAE917A1C0633EA000A7C38 /* Kitchen Manager */,
				1BAE918F1C0633EA000A7C38 /* Kitchen ManagerTests */,
				1BAE919A1C0633EA000A7C38 /* Kitchen ManagerUITests */,
				1BAE91791C0633EA000A7C38 /* Products */,
			);
			sourceTree = "<group>";
		};
		1BAE91791C0633EA000A7C38 /* Products */ = {
			isa = PBXGroup;
			children = (
				1BAE91781C0633EA000A7C38 /* Kitchen Manager.app */,
				1BAE918C1C0633EA000A7C38 /* Kitchen ManagerTests.xctest */,
				1BAE91971C0633EA000A7C38 /* Kitchen ManagerUITests.xctest */,
			);
			name = Products;
			sourceTree = "<group>";
		};
		1BAE917A1C0633EA000A7C38 /* Kitchen Manager */ = {
			isa = PBXGroup;
			children = (
				1B8FE4251C23BF58006E88F7 /* FoodPlanner */,
				1B8FE4241C23BF2F006E88F7 /* ParseSignUp */,
				1B8FE4231C23BF06006E88F7 /* GroceryManager */,
				1BAE917D1C0633EA000A7C38 /* HomeViewController.swift */,
				1BAE917B1C0633EA000A7C38 /* AppDelegate.swift */,
				1BAE917F1C0633EA000A7C38 /* Main.storyboard */,
				1BAE91821C0633EA000A7C38 /* Assets.xcassets */,
				1BAE91841C0633EA000A7C38 /* LaunchScreen.storyboard */,
				1BAE91871C0633EA000A7C38 /* Info.plist */,
				1B97D7681C17713400441629 /* DataHelper.swift */,
			);
			path = "Kitchen Manager";
			sourceTree = "<group>";
		};
		1BAE918F1C0633EA000A7C38 /* Kitchen ManagerTests */ = {
			isa = PBXGroup;
			children = (
				1BAE91901C0633EA000A7C38 /* Kitchen_ManagerTests.swift */,
				1BAE91921C0633EA000A7C38 /* Info.plist */,
			);
			path = "Kitchen ManagerTests";
			sourceTree = "<group>";
		};
		1BAE919A1C0633EA000A7C38 /* Kitchen ManagerUITests */ = {
			isa = PBXGroup;
			children = (
				1BAE919B1C0633EA000A7C38 /* Kitchen_ManagerUITests.swift */,
				1BAE919D1C0633EA000A7C38 /* Info.plist */,
			);
			path = "Kitchen ManagerUITests";
			sourceTree = "<group>";
		};
		1BAE91AD1C0634B5000A7C38 /* FrameWorks */ = {
			isa = PBXGroup;
			children = (
				1BAE91C41C0635AA000A7C38 /* libsqlite3.tbd */,
				1BAE91C21C06359E000A7C38 /* libz.tbd */,
				1BAE91C01C063593000A7C38 /* SystemConfiguration.framework */,
				1BAE91BE1C063585000A7C38 /* StoreKit.framework */,
				1BAE91BC1C06357B000A7C38 /* Security.framework */,
				1BAE91BA1C06356D000A7C38 /* QuartzCore.framework */,
				1BAE91B41C06355B000A7C38 /* CoreLocation.framework */,
				1BAE91B21C063537000A7C38 /* CoreGraphics.framework */,
				1BAE91B01C06352A000A7C38 /* CFNetwork.framework */,
				1BAE91AE1C06351F000A7C38 /* AudioToolbox.framework */,
				1BAE91AA1C063477000A7C38 /* Parse.framework */,
				1BAE91A91C063477000A7C38 /* Bolts.framework */,
			);
			name = FrameWorks;
			sourceTree = "<group>";
		};
/* End PBXGroup section */

/* Begin PBXNativeTarget section */
		1BAE91771C0633EA000A7C38 /* Kitchen Manager */ = {
			isa = PBXNativeTarget;
			buildConfigurationList = 1BAE91A01C0633EA000A7C38 /* Build configuration list for PBXNativeTarget "Kitchen Manager" */;
			buildPhases = (
				1BAE91741C0633EA000A7C38 /* Sources */,
				1BAE91751C0633EA000A7C38 /* Frameworks */,
				1BAE91761C0633EA000A7C38 /* Resources */,
			);
			buildRules = (
			);
			dependencies = (
			);
			name = "Kitchen Manager";
			productName = "Kitchen Manager";
			productReference = 1BAE91781C0633EA000A7C38 /* Kitchen Manager.app */;
			productType = "com.apple.product-type.application";
		};
		1BAE918B1C0633EA000A7C38 /* Kitchen ManagerTests */ = {
			isa = PBXNativeTarget;
			buildConfigurationList = 1BAE91A31C0633EA000A7C38 /* Build configuration list for PBXNativeTarget "Kitchen ManagerTests" */;
			buildPhases = (
				1BAE91881C0633EA000A7C38 /* Sources */,
				1BAE91891C0633EA000A7C38 /* Frameworks */,
				1BAE918A1C0633EA000A7C38 /* Resources */,
			);
			buildRules = (
			);
			dependencies = (
				1BAE918E1C0633EA000A7C38 /* PBXTargetDependency */,
			);
			name = "Kitchen ManagerTests";
			productName = "Kitchen ManagerTests";
			productReference = 1BAE918C1C0633EA000A7C38 /* Kitchen ManagerTests.xctest */;
			productType = "com.apple.product-type.bundle.unit-test";
		};
		1BAE91961C0633EA000A7C38 /* Kitchen ManagerUITests */ = {
			isa = PBXNativeTarget;
			buildConfigurationList = 1BAE91A61C0633EA000A7C38 /* Build configuration list for PBXNativeTarget "Kitchen ManagerUITests" */;
			buildPhases = (
				1BAE91931C0633EA000A7C38 /* Sources */,
				1BAE91941C0633EA000A7C38 /* Frameworks */,
				1BAE91951C0633EA000A7C38 /* Resources */,
			);
			buildRules = (
			);
			dependencies = (
				1BAE91991C0633EA000A7C38 /* PBXTargetDependency */,
			);
			name = "Kitchen ManagerUITests";
			productName = "Kitchen ManagerUITests";
			productReference = 1BAE91971C0633EA000A7C38 /* Kitchen ManagerUITests.xctest */;
			productType = "com.apple.product-type.bundle.ui-testing";
		};
/* End PBXNativeTarget section */

/* Begin PBXProject section */
		1BAE91701C0633EA000A7C38 /* Project object */ = {
			isa = PBXProject;
			attributes = {
				LastSwiftUpdateCheck = 0710;
				LastUpgradeCheck = 0710;
				ORGANIZATIONNAME = "Liza Linto";
				TargetAttributes = {
					1BAE91771C0633EA000A7C38 = {
						CreatedOnToolsVersion = 7.1.1;
						DevelopmentTeam = 42NMM4LBD6;
					};
					1BAE918B1C0633EA000A7C38 = {
						CreatedOnToolsVersion = 7.1.1;
						DevelopmentTeam = 42NMM4LBD6;
						TestTargetID = 1BAE91771C0633EA000A7C38;
					};
					1BAE91961C0633EA000A7C38 = {
						CreatedOnToolsVersion = 7.1.1;
						DevelopmentTeam = 42NMM4LBD6;
						TestTargetID = 1BAE91771C0633EA000A7C38;
					};
				};
			};
			buildConfigurationList = 1BAE91731C0633EA000A7C38 /* Build configuration list for PBXProject "Kitchen Manager" */;
			compatibilityVersion = "Xcode 3.2";
			developmentRegion = English;
			hasScannedForEncodings = 0;
			knownRegions = (
				en,
				Base,
			);
			mainGroup = 1BAE916F1C0633EA000A7C38;
			productRefGroup = 1BAE91791C0633EA000A7C38 /* Products */;
			projectDirPath = "";
			projectRoot = "";
			targets = (
				1BAE91771C0633EA000A7C38 /* Kitchen Manager */,
				1BAE918B1C0633EA000A7C38 /* Kitchen ManagerTests */,
				1BAE91961C0633EA000A7C38 /* Kitchen ManagerUITests */,
			);
		};
/* End PBXProject section */

/* Begin PBXResourcesBuildPhase section */
		1BAE91761C0633EA000A7C38 /* Resources */ = {
			isa = PBXResourcesBuildPhase;
			buildActionMask = 2147483647;
			files = (
				1BAE91861C0633EA000A7C38 /* LaunchScreen.storyboard in Resources */,
				1BAE91831C0633EA000A7C38 /* Assets.xcassets in Resources */,
				1B30873D1C1FE1C200AC3011 /* GroceryStore.plist in Resources */,
				1B97D7671C10892E00441629 /* GroceryList.plist in Resources */,
				1B8FE4211C23A834006E88F7 /* ReadMe in Resources */,
				1BAE91811C0633EA000A7C38 /* Main.storyboard in Resources */,
			);
			runOnlyForDeploymentPostprocessing = 0;
		};
		1BAE918A1C0633EA000A7C38 /* Resources */ = {
			isa = PBXResourcesBuildPhase;
			buildActionMask = 2147483647;
			files = (
			);
			runOnlyForDeploymentPostprocessing = 0;
		};
		1BAE91951C0633EA000A7C38 /* Resources */ = {
			isa = PBXResourcesBuildPhase;
			buildActionMask = 2147483647;
			files = (
			);
			runOnlyForDeploymentPostprocessing = 0;
		};
/* End PBXResourcesBuildPhase section */

/* Begin PBXSourcesBuildPhase section */
		1BAE91741C0633EA000A7C38 /* Sources */ = {
			isa = PBXSourcesBuildPhase;
			buildActionMask = 2147483647;
			files = (
				1B97D7651C0E4E4200441629 /* GroceryItemsViewController.swift in Sources */,
				1BECD68A1C22FB8600D757A1 /* PasswordResetViewController.swift in Sources */,
				1BAE91E71C064065000A7C38 /* LoginViewController.swift in Sources */,
				1BAE917E1C0633EA000A7C38 /* HomeViewController.swift in Sources */,
				1BEB9B6B1C1A323500433AD5 /* FoodPlannerViewController.swift in Sources */,
				1B56E7461C1C694100904F1F /* GroceryStoreViewController.swift in Sources */,
				1B0E39B21C0BA6620017143E /* CheckListItem.swift in Sources */,
				1B0E39AE1C0B98950017143E /* GroceryCheckListViewController.swift in Sources */,
				1BAE91E91C06657F000A7C38 /* SignupViewController.swift in Sources */,
				1B0E39B41C0BAA580017143E /* CheckListTableViewCell.swift in Sources */,
				1B97D7711C19022D00441629 /* FoodDayPlannerViewController.swift in Sources */,
				1B97D7691C17713400441629 /* DataHelper.swift in Sources */,
				1B97D7731C19E87600441629 /* FoodWeekTableViewController.swift in Sources */,
				1BAE917C1C0633EA000A7C38 /* AppDelegate.swift in Sources */,
			);
			runOnlyForDeploymentPostprocessing = 0;
		};
		1BAE91881C0633EA000A7C38 /* Sources */ = {
			isa = PBXSourcesBuildPhase;
			buildActionMask = 2147483647;
			files = (
				1BAE91911C0633EA000A7C38 /* Kitchen_ManagerTests.swift in Sources */,
			);
			runOnlyForDeploymentPostprocessing = 0;
		};
		1BAE91931C0633EA000A7C38 /* Sources */ = {
			isa = PBXSourcesBuildPhase;
			buildActionMask = 2147483647;
			files = (
				1BAE919C1C0633EA000A7C38 /* Kitchen_ManagerUITests.swift in Sources */,
			);
			runOnlyForDeploymentPostprocessing = 0;
		};
/* End PBXSourcesBuildPhase section */

/* Begin PBXTargetDependency section */
		1BAE918E1C0633EA000A7C38 /* PBXTargetDependency */ = {
			isa = PBXTargetDependency;
			target = 1BAE91771C0633EA000A7C38 /* Kitchen Manager */;
			targetProxy = 1BAE918D1C0633EA000A7C38 /* PBXContainerItemProxy */;
		};
		1BAE91991C0633EA000A7C38 /* PBXTargetDependency */ = {
			isa = PBXTargetDependency;
			target = 1BAE91771C0633EA000A7C38 /* Kitchen Manager */;
			targetProxy = 1BAE91981C0633EA000A7C38 /* PBXContainerItemProxy */;
		};
/* End PBXTargetDependency section */

/* Begin PBXVariantGroup section */
		1BAE917F1C0633EA000A7C38 /* Main.storyboard */ = {
			isa = PBXVariantGroup;
			children = (
				1BAE91801C0633EA000A7C38 /* Base */,
			);
			name = Main.storyboard;
			sourceTree = "<group>";
		};
		1BAE91841C0633EA000A7C38 /* LaunchScreen.storyboard */ = {
			isa = PBXVariantGroup;
			children = (
				1BAE91851C0633EA000A7C38 /* Base */,
			);
			name = LaunchScreen.storyboard;
			sourceTree = "<group>";
		};
/* End PBXVariantGroup section */

/* Begin XCBuildConfiguration section */
		1BAE919E1C0633EA000A7C38 /* Debug */ = {
			isa = XCBuildConfiguration;
			buildSettings = {
				ALWAYS_SEARCH_USER_PATHS = NO;
				CLANG_CXX_LANGUAGE_STANDARD = "gnu++0x";
				CLANG_CXX_LIBRARY = "libc++";
				CLANG_ENABLE_MODULES = YES;
				CLANG_ENABLE_OBJC_ARC = YES;
				CLANG_WARN_BOOL_CONVERSION = YES;
				CLANG_WARN_CONSTANT_CONVERSION = YES;
				CLANG_WARN_DIRECT_OBJC_ISA_USAGE = YES_ERROR;
				CLANG_WARN_EMPTY_BODY = YES;
				CLANG_WARN_ENUM_CONVERSION = YES;
				CLANG_WARN_INT_CONVERSION = YES;
				CLANG_WARN_OBJC_ROOT_CLASS = YES_ERROR;
				CLANG_WARN_UNREACHABLE_CODE = YES;
				CLANG_WARN__DUPLICATE_METHOD_MATCH = YES;
				"CODE_SIGN_IDENTITY[sdk=iphoneos*]" = "iPhone Developer";
				COPY_PHASE_STRIP = NO;
				DEBUG_INFORMATION_FORMAT = dwarf;
				ENABLE_STRICT_OBJC_MSGSEND = YES;
				ENABLE_TESTABILITY = YES;
				GCC_C_LANGUAGE_STANDARD = gnu99;
				GCC_DYNAMIC_NO_PIC = NO;
				GCC_NO_COMMON_BLOCKS = YES;
				GCC_OPTIMIZATION_LEVEL = 0;
				GCC_PREPROCESSOR_DEFINITIONS = (
					"DEBUG=1",
					"$(inherited)",
				);
				GCC_WARN_64_TO_32_BIT_CONVERSION = YES;
				GCC_WARN_ABOUT_RETURN_TYPE = YES_ERROR;
				GCC_WARN_UNDECLARED_SELECTOR = YES;
				GCC_WARN_UNINITIALIZED_AUTOS = YES_AGGRESSIVE;
				GCC_WARN_UNUSED_FUNCTION = YES;
				GCC_WARN_UNUSED_VARIABLE = YES;
				IPHONEOS_DEPLOYMENT_TARGET = 9.1;
				MTL_ENABLE_DEBUG_INFO = YES;
				ONLY_ACTIVE_ARCH = YES;
				SDKROOT = iphoneos;
				SWIFT_OPTIMIZATION_LEVEL = "-Onone";
				TARGETED_DEVICE_FAMILY = "1,2";
			};
			name = Debug;
		};
		1BAE919F1C0633EA000A7C38 /* Release */ = {
			isa = XCBuildConfiguration;
			buildSettings = {
				ALWAYS_SEARCH_USER_PATHS = NO;
				CLANG_CXX_LANGUAGE_STANDARD = "gnu++0x";
				CLANG_CXX_LIBRARY = "libc++";
				CLANG_ENABLE_MODULES = YES;
				CLANG_ENABLE_OBJC_ARC = YES;
				CLANG_WARN_BOOL_CONVERSION = YES;
				CLANG_WARN_CONSTANT_CONVERSION = YES;
				CLANG_WARN_DIRECT_OBJC_ISA_USAGE = YES_ERROR;
				CLANG_WARN_EMPTY_BODY = YES;
				CLANG_WARN_ENUM_CONVERSION = YES;
				CLANG_WARN_INT_CONVERSION = YES;
				CLANG_WARN_OBJC_ROOT_CLASS = YES_ERROR;
				CLANG_WARN_UNREACHABLE_CODE = YES;
				CLANG_WARN__DUPLICATE_METHOD_MATCH = YES;
				"CODE_SIGN_IDENTITY[sdk=iphoneos*]" = "iPhone Developer";
				COPY_PHASE_STRIP = NO;
				DEBUG_INFORMATION_FORMAT = "dwarf-with-dsym";
				ENABLE_NS_ASSERTIONS = NO;
				ENABLE_STRICT_OBJC_MSGSEND = YES;
				GCC_C_LANGUAGE_STANDARD = gnu99;
				GCC_NO_COMMON_BLOCKS = YES;
				GCC_WARN_64_TO_32_BIT_CONVERSION = YES;
				GCC_WARN_ABOUT_RETURN_TYPE = YES_ERROR;
				GCC_WARN_UNDECLARED_SELECTOR = YES;
				GCC_WARN_UNINITIALIZED_AUTOS = YES_AGGRESSIVE;
				GCC_WARN_UNUSED_FUNCTION = YES;
				GCC_WARN_UNUSED_VARIABLE = YES;
				IPHONEOS_DEPLOYMENT_TARGET = 9.1;
				MTL_ENABLE_DEBUG_INFO = NO;
				SDKROOT = iphoneos;
				TARGETED_DEVICE_FAMILY = "1,2";
				VALIDATE_PRODUCT = YES;
			};
			name = Release;
		};
		1BAE91A11C0633EA000A7C38 /* Debug */ = {
			isa = XCBuildConfiguration;
			buildSettings = {
				ASSETCATALOG_COMPILER_APPICON_NAME = AppIcon;
				FRAMEWORK_SEARCH_PATHS = (
					"$(inherited)",
					"$(PROJECT_DIR)",
				);
				INFOPLIST_FILE = "Kitchen Manager/Info.plist";
				LD_RUNPATH_SEARCH_PATHS = "$(inherited) @executable_path/Frameworks";
				PRODUCT_BUNDLE_IDENTIFIER = "com.sdsu.Kitchen-Manager";
				PRODUCT_NAME = "$(TARGET_NAME)";
			};
			name = Debug;
		};
		1BAE91A21C0633EA000A7C38 /* Release */ = {
			isa = XCBuildConfiguration;
			buildSettings = {
				ASSETCATALOG_COMPILER_APPICON_NAME = AppIcon;
				FRAMEWORK_SEARCH_PATHS = (
					"$(inherited)",
					"$(PROJECT_DIR)",
				);
				INFOPLIST_FILE = "Kitchen Manager/Info.plist";
				LD_RUNPATH_SEARCH_PATHS = "$(inherited) @executable_path/Frameworks";
				PRODUCT_BUNDLE_IDENTIFIER = "com.sdsu.Kitchen-Manager";
				PRODUCT_NAME = "$(TARGET_NAME)";
			};
			name = Release;
		};
		1BAE91A41C0633EA000A7C38 /* Debug */ = {
			isa = XCBuildConfiguration;
			buildSettings = {
				BUNDLE_LOADER = "$(TEST_HOST)";
				INFOPLIST_FILE = "Kitchen ManagerTests/Info.plist";
				LD_RUNPATH_SEARCH_PATHS = "$(inherited) @executable_path/Frameworks @loader_path/Frameworks";
				PRODUCT_BUNDLE_IDENTIFIER = "com.sdsu.Kitchen-ManagerTests";
				PRODUCT_NAME = "$(TARGET_NAME)";
				TEST_HOST = "$(BUILT_PRODUCTS_DIR)/Kitchen Manager.app/Kitchen Manager";
			};
			name = Debug;
		};
		1BAE91A51C0633EA000A7C38 /* Release */ = {
			isa = XCBuildConfiguration;
			buildSettings = {
				BUNDLE_LOADER = "$(TEST_HOST)";
				INFOPLIST_FILE = "Kitchen ManagerTests/Info.plist";
				LD_RUNPATH_SEARCH_PATHS = "$(inherited) @executable_path/Frameworks @loader_path/Frameworks";
				PRODUCT_BUNDLE_IDENTIFIER = "com.sdsu.Kitchen-ManagerTests";
				PRODUCT_NAME = "$(TARGET_NAME)";
				TEST_HOST = "$(BUILT_PRODUCTS_DIR)/Kitchen Manager.app/Kitchen Manager";
			};
			name = Release;
		};
		1BAE91A71C0633EA000A7C38 /* Debug */ = {
			isa = XCBuildConfiguration;
			buildSettings = {
				INFOPLIST_FILE = "Kitchen ManagerUITests/Info.plist";
				LD_RUNPATH_SEARCH_PATHS = "$(inherited) @executable_path/Frameworks @loader_path/Frameworks";
				PRODUCT_BUNDLE_IDENTIFIER = "com.sdsu.Kitchen-ManagerUITests";
				PRODUCT_NAME = "$(TARGET_NAME)";
				TEST_TARGET_NAME = "Kitchen Manager";
				USES_XCTRUNNER = YES;
			};
			name = Debug;
		};
		1BAE91A81C0633EA000A7C38 /* Release */ = {
			isa = XCBuildConfiguration;
			buildSettings = {
				INFOPLIST_FILE = "Kitchen ManagerUITests/Info.plist";
				LD_RUNPATH_SEARCH_PATHS = "$(inherited) @executable_path/Frameworks @loader_path/Frameworks";
				PRODUCT_BUNDLE_IDENTIFIER = "com.sdsu.Kitchen-ManagerUITests";
				PRODUCT_NAME = "$(TARGET_NAME)";
				TEST_TARGET_NAME = "Kitchen Manager";
				USES_XCTRUNNER = YES;
			};
			name = Release;
		};
/* End XCBuildConfiguration section */

/* Begin XCConfigurationList section */
		1BAE91731C0633EA000A7C38 /* Build configuration list for PBXProject "Kitchen Manager" */ = {
			isa = XCConfigurationList;
			buildConfigurations = (
				1BAE919E1C0633EA000A7C38 /* Debug */,
				1BAE919F1C0633EA000A7C38 /* Release */,
			);
			defaultConfigurationIsVisible = 0;
			defaultConfigurationName = Release;
		};
		1BAE91A01C0633EA000A7C38 /* Build configuration list for PBXNativeTarget "Kitchen Manager" */ = {
			isa = XCConfigurationList;
			buildConfigurations = (
				1BAE91A11C0633EA000A7C38 /* Debug */,
				1BAE91A21C0633EA000A7C38 /* Release */,
			);
			defaultConfigurationIsVisible = 0;
			defaultConfigurationName = Release;
		};
		1BAE91A31C0633EA000A7C38 /* Build configuration list for PBXNativeTarget "Kitchen ManagerTests" */ = {
			isa = XCConfigurationList;
			buildConfigurations = (
				1BAE91A41C0633EA000A7C38 /* Debug */,
				1BAE91A51C0633EA000A7C38 /* Release */,
			);
			defaultConfigurationIsVisible = 0;
			defaultConfigurationName = Release;
		};
		1BAE91A61C0633EA000A7C38 /* Build configuration list for PBXNativeTarget "Kitchen ManagerUITests" */ = {
			isa = XCConfigurationList;
			buildConfigurations = (
				1BAE91A71C0633EA000A7C38 /* Debug */,
				1BAE91A81C0633EA000A7C38 /* Release */,
			);
			defaultConfigurationIsVisible = 0;
			defaultConfigurationName = Release;
		};
/* End XCConfigurationList section */
	};
	rootObject = 1BAE91701C0633EA000A7C38 /* Project object */;
}
